
Microsoft Visual Studio Solution File, Format Version 12.00
# Visual Studio Version 17
VisualStudioVersion = 17.5.33516.290
MinimumVisualStudioVersion = 10.0.40219.1
Project("{8BC9CEB8-8B4A-11D0-8D11-00A0C91BC942}") = "MenuProject", "MenuProject\MenuProject.vcxproj", "{E1A79428-7F22-49FD-8A54-1F8D974F1495}"
EndProject
Global
	GlobalSection(SolutionConfigurationPlatforms) = preSolution
		Debug|x64 = Debug|x64
		Debug|x86 = Debug|x86
		Release|x64 = Release|x64
		Release|x86 = Release|x86
	EndGlobalSection
	GlobalSection(ProjectConfigurationPlatforms) = postSolution
		{E1A79428-7F22-49FD-8A54-1F8D974F1495}.Debug|x64.ActiveCfg = Debug|x64
		{E1A79428-7F22-49FD-8A54-1F8D974F1495}.Debug|x64.Build.0 = Debug|x64
		{E1A79428-7F22-49FD-8A54-1F8D974F1495}.Debug|x86.ActiveCfg = Debug|Win32
		{E1A79428-7F22-49FD-8A54-1F8D974F1495}.Debug|x86.Build.0 = Debug|Win32
		{E1A79428-7F22-49FD-8A54-1F8D974F1495}.Release|x64.ActiveCfg = Release|x64
		{E1A79428-7F22-49FD-8A54-1F8D974F1495}.Release|x64.Build.0 = Release|x64
		{E1A79428-7F22-49FD-8A54-1F8D974F1495}.Release|x86.ActiveCfg = Release|Win32
		{E1A79428-7F22-49FD-8A54-1F8D974F1495}.Release|x86.Build.0 = Release|Win32
	EndGlobalSection
	GlobalSection(SolutionProperties) = preSolution
		HideSolutionNode = FALSE
	EndGlobalSection
	GlobalSection(ExtensibilityGlobals) = postSolution
		SolutionGuid = {E067E2E5-59B6-4EA7-B39F-3AEE6229B1A6}
	EndGlobalSection
EndGlobal
